{
  "name": "htdocs",
  "lockfileVersion": 2,
  "requires": true,
  "packages": {
    "": {
      "dependencies": {
        "bootstrap": "^5.2.1",
        "bootstrap-icons": "^1.9.1",
        "jquery.scrollto": "^2.1.3",
        "startbootstrap-modern-business": "^5.0.6",
        "xbs-enjoyhint": "^4.0.6"
      }
    },
    "node_modules/@popperjs/core": {
      "version": "2.11.6",
      "resolved": "https://registry.npmjs.org/@popperjs/core/-/core-2.11.6.tgz",
      "integrity": "sha512-50/17A98tWUfQ176raKiOGXuYpLyyVMkxxG6oylzL3BPOlA6ADGdK7EYunSa4I064xerltq9TGXs8HmOk5E+vw==",
      "peer": true,
      "funding": {
        "type": "opencollective",
        "url": "https://opencollective.com/popperjs"
      }
    },
    "node_modules/bootstrap": {
      "version": "5.2.1",
      "resolved": "https://registry.npmjs.org/bootstrap/-/bootstrap-5.2.1.tgz",
      "integrity": "sha512-UQi3v2NpVPEi1n35dmRRzBJFlgvWHYwyem6yHhuT6afYF+sziEt46McRbT//kVXZ7b1YUYEVGdXEH74Nx3xzGA==",
      "funding": [
        {
          "type": "github",
          "url": "https://github.com/sponsors/twbs"
        },
        {
          "type": "opencollective",
          "url": "https://opencollective.com/bootstrap"
        }
      ],
      "peerDependencies": {
        "@popperjs/core": "^2.11.6"
      }
    },
    "node_modules/bootstrap-icons": {
      "version": "1.9.1",
      "resolved": "https://registry.npmjs.org/bootstrap-icons/-/bootstrap-icons-1.9.1.tgz",
      "integrity": "sha512-d4ZkO30MIkAhQ2nNRJqKXJVEQorALGbLWTuRxyCTJF96lRIV6imcgMehWGJUiJMJhglN0o2tqLIeDnMdiQEE9g=="
    },
    "node_modules/jquery": {
      "version": "3.6.1",
      "resolved": "https://registry.npmjs.org/jquery/-/jquery-3.6.1.tgz",
      "integrity": "sha512-opJeO4nCucVnsjiXOE+/PcCgYw9Gwpvs/a6B1LL/lQhwWwpbVEVYDZ1FokFr8PRc7ghYlrFPuyHuiiDNTQxmcw=="
    },
    "node_modules/jquery.scrollto": {
      "version": "2.1.3",
      "resolved": "https://registry.npmjs.org/jquery.scrollto/-/jquery.scrollto-2.1.3.tgz",
      "integrity": "sha512-4M+t5R4QRnq1CSRU9gswZ7Z4zRfcoWmgD31HRrLYCCI4J7tLWeE0ZoT+0JpI7GcT0YKTqcfw+p8t2yYEKFfrHA==",
      "dependencies": {
        "jquery": ">=1.8"
      }
    },
    "node_modules/kinetic": {
      "version": "5.2.0",
      "resolved": "https://registry.npmjs.org/kinetic/-/kinetic-5.2.0.tgz",
      "integrity": "sha512-WTfYPS4UBD8s+ZL6U2TMsQyBgo+FsQFV3DTmzk9EYJxwiuSQie5hzj2wstz1cRvsXG8JJl255Zgc8UUzBsWprQ=="
    },
    "node_modules/startbootstrap-modern-business": {
      "version": "5.0.6",
      "resolved": "https://registry.npmjs.org/startbootstrap-modern-business/-/startbootstrap-modern-business-5.0.6.tgz",
      "integrity": "sha512-2igLo1FWrbPj1ZesFLkNPeoA0O4PKHaPpPBSqyG0nyd1UI6Flov1wDDiXXWoJw6ecuvsuhEuIxZHambh0wpOQA==",
      "dependencies": {
        "bootstrap": "5.1.3"
      }
    },
    "node_modules/startbootstrap-modern-business/node_modules/bootstrap": {
      "version": "5.1.3",
      "resolved": "https://registry.npmjs.org/bootstrap/-/bootstrap-5.1.3.tgz",
      "integrity": "sha512-fcQztozJ8jToQWXxVuEyXWW+dSo8AiXWKwiSSrKWsRB/Qt+Ewwza+JWoLKiTuQLaEPhdNAJ7+Dosc9DOIqNy7Q==",
      "funding": {
        "type": "opencollective",
        "url": "https://opencollective.com/bootstrap"
      },
      "peerDependencies": {
        "@popperjs/core": "^2.10.2"
      }
    },
    "node_modules/xbs-enjoyhint": {
      "version": "4.0.6",
      "resolved": "https://registry.npmjs.org/xbs-enjoyhint/-/xbs-enjoyhint-4.0.6.tgz",
      "integrity": "sha512-qjsQ2Z73M+VB6nv6PiK7oBsF4tokPYisRg09v4beeZsJvGiX97ixwlS1Aeo3kFvELXcI19WzGp6fpNi2g0OvBw==",
      "dependencies": {
        "jquery": "~3.5.1",
        "jquery.scrollto": "^2.1.2",
        "kinetic": "^5.2.0"
      }
    },
    "node_modules/xbs-enjoyhint/node_modules/jquery": {
      "version": "3.5.1",
      "resolved": "https://registry.npmjs.org/jquery/-/jquery-3.5.1.tgz",
      "integrity": "sha512-XwIBPqcMn57FxfT+Go5pzySnm4KWkT1Tv7gjrpT1srtf8Weynl6R273VJ5GjkRb51IzMp5nbaPjJXMWeju2MKg=="
    }
  },
  "dependencies": {
    "@popperjs/core": {
      "version": "2.11.6",
      "resolved": "https://registry.npmjs.org/@popperjs/core/-/core-2.11.6.tgz",
      "integrity": "sha512-50/17A98tWUfQ176raKiOGXuYpLyyVMkxxG6oylzL3BPOlA6ADGdK7EYunSa4I064xerltq9TGXs8HmOk5E+vw==",
      "peer": true
    },
    "bootstrap": {
      "version": "5.2.1",
      "resolved": "https://registry.npmjs.org/bootstrap/-/bootstrap-5.2.1.tgz",
      "integrity": "sha512-UQi3v2NpVPEi1n35dmRRzBJFlgvWHYwyem6yHhuT6afYF+sziEt46McRbT//kVXZ7b1YUYEVGdXEH74Nx3xzGA==",
      "requires": {}
    },
    "bootstrap-icons": {
      "version": "1.9.1",
      "resolved": "https://registry.npmjs.org/bootstrap-icons/-/bootstrap-icons-1.9.1.tgz",
      "integrity": "sha512-d4ZkO30MIkAhQ2nNRJqKXJVEQorALGbLWTuRxyCTJF96lRIV6imcgMehWGJUiJMJhglN0o2tqLIeDnMdiQEE9g=="
    },
    "jquery": {
      "version": "3.6.1",
      "resolved": "https://registry.npmjs.org/jquery/-/jquery-3.6.1.tgz",
      "integrity": "sha512-opJeO4nCucVnsjiXOE+/PcCgYw9Gwpvs/a6B1LL/lQhwWwpbVEVYDZ1FokFr8PRc7ghYlrFPuyHuiiDNTQxmcw=="
    },
    "jquery.scrollto": {
      "version": "2.1.3",
      "resolved": "https://registry.npmjs.org/jquery.scrollto/-/jquery.scrollto-2.1.3.tgz",
      "integrity": "sha512-4M+t5R4QRnq1CSRU9gswZ7Z4zRfcoWmgD31HRrLYCCI4J7tLWeE0ZoT+0JpI7GcT0YKTqcfw+p8t2yYEKFfrHA==",
      "requires": {
        "jquery": ">=1.8"
      }
    },
    "kinetic": {
      "version": "5.2.0",
      "resolved": "https://registry.npmjs.org/kinetic/-/kinetic-5.2.0.tgz",
      "integrity": "sha512-WTfYPS4UBD8s+ZL6U2TMsQyBgo+FsQFV3DTmzk9EYJxwiuSQie5hzj2wstz1cRvsXG8JJl255Zgc8UUzBsWprQ=="
    },
    "startbootstrap-modern-business": {
      "version": "5.0.6",
      "resolved": "https://registry.npmjs.org/startbootstrap-modern-business/-/startbootstrap-modern-business-5.0.6.tgz",
      "integrity": "sha512-2igLo1FWrbPj1ZesFLkNPeoA0O4PKHaPpPBSqyG0nyd1UI6Flov1wDDiXXWoJw6ecuvsuhEuIxZHambh0wpOQA==",
      "requires": {
        "bootstrap": "5.1.3"
      },
      "dependencies": {
        "bootstrap": {
          "version": "5.1.3",
          "resolved": "https://registry.npmjs.org/bootstrap/-/bootstrap-5.1.3.tgz",
          "integrity": "sha512-fcQztozJ8jToQWXxVuEyXWW+dSo8AiXWKwiSSrKWsRB/Qt+Ewwza+JWoLKiTuQLaEPhdNAJ7+Dosc9DOIqNy7Q==",
          "requires": {}
        }
      }
    },
    "xbs-enjoyhint": {
      "version": "4.0.6",
      "resolved": "https://registry.npmjs.org/xbs-enjoyhint/-/xbs-enjoyhint-4.0.6.tgz",
      "integrity": "sha512-qjsQ2Z73M+VB6nv6PiK7oBsF4tokPYisRg09v4beeZsJvGiX97ixwlS1Aeo3kFvELXcI19WzGp6fpNi2g0OvBw==",
      "requires": {
        "jquery": "~3.5.1",
        "jquery.scrollto": "^2.1.2",
        "kinetic": "^5.2.0"
      },
      "dependencies": {
        "jquery": {
          "version": "3.5.1",
          "resolved": "https://registry.npmjs.org/jquery/-/jquery-3.5.1.tgz",
          "integrity": "sha512-XwIBPqcMn57FxfT+Go5pzySnm4KWkT1Tv7gjrpT1srtf8Weynl6R273VJ5GjkRb51IzMp5nbaPjJXMWeju2MKg=="
        }
      }
    }
  }
}
